// !$*UTF8*$!
{
	archiveVersion = 1;
	classes = {
	};
	objectVersion = 56;
	objects = {

/* Begin PBXBuildFile section */
		61B46ACB2AB0AEED001D72EB /* AppDelegate.swift in Sources */ = {isa = PBXBuildFile; fileRef = 61B46ACA2AB0AEED001D72EB /* AppDelegate.swift */; };
		61B46ACD2AB0AEED001D72EB /* SceneDelegate.swift in Sources */ = {isa = PBXBuildFile; fileRef = 61B46ACC2AB0AEED001D72EB /* SceneDelegate.swift */; };
		61B46ACF2AB0AEED001D72EB /* MoviesViewController.swift in Sources */ = {isa = PBXBuildFile; fileRef = 61B46ACE2AB0AEED001D72EB /* MoviesViewController.swift */; };
		61B46AD22AB0AEED001D72EB /* Main.storyboard in Resources */ = {isa = PBXBuildFile; fileRef = 61B46AD02AB0AEED001D72EB /* Main.storyboard */; };
		61B46AD42AB0AEEF001D72EB /* Assets.xcassets in Resources */ = {isa = PBXBuildFile; fileRef = 61B46AD32AB0AEEF001D72EB /* Assets.xcassets */; };
		61B46AD72AB0AEEF001D72EB /* LaunchScreen.storyboard in Resources */ = {isa = PBXBuildFile; fileRef = 61B46AD52AB0AEEF001D72EB /* LaunchScreen.storyboard */; };
		61B46ADF2AB0AFE1001D72EB /* Movie.swift in Sources */ = {isa = PBXBuildFile; fileRef = 61B46ADE2AB0AFE1001D72EB /* Movie.swift */; };
		61B46AE52AB0C00E001D72EB /* Nuke in Frameworks */ = {isa = PBXBuildFile; productRef = 61B46AE42AB0C00E001D72EB /* Nuke */; };
		61B46AE82AB0C5E2001D72EB /* MovieCell.swift in Sources */ = {isa = PBXBuildFile; fileRef = 61B46AE72AB0C5E2001D72EB /* MovieCell.swift */; };
/* End PBXBuildFile section */

/* Begin PBXFileReference section */
		61B46AC72AB0AEED001D72EB /* HW2.app */ = {isa = PBXFileReference; explicitFileType = wrapper.application; includeInIndex = 0; path = HW2.app; sourceTree = BUILT_PRODUCTS_DIR; };
		61B46ACA2AB0AEED001D72EB /* AppDelegate.swift */ = {isa = PBXFileReference; lastKnownFileType = sourcecode.swift; path = AppDelegate.swift; sourceTree = "<group>"; };
		61B46ACC2AB0AEED001D72EB /* SceneDelegate.swift */ = {isa = PBXFileReference; lastKnownFileType = sourcecode.swift; path = SceneDelegate.swift; sourceTree = "<group>"; };
		61B46ACE2AB0AEED001D72EB /* MoviesViewController.swift */ = {isa = PBXFileReference; lastKnownFileType = sourcecode.swift; path = MoviesViewController.swift; sourceTree = "<group>"; };
		61B46AD12AB0AEED001D72EB /* Base */ = {isa = PBXFileReference; lastKnownFileType = file.storyboard; name = Base; path = Base.lproj/Main.storyboard; sourceTree = "<group>"; };
		61B46AD32AB0AEEF001D72EB /* Assets.xcassets */ = {isa = PBXFileReference; lastKnownFileType = folder.assetcatalog; path = Assets.xcassets; sourceTree = "<group>"; };
		61B46AD62AB0AEEF001D72EB /* Base */ = {isa = PBXFileReference; lastKnownFileType = file.storyboard; name = Base; path = Base.lproj/LaunchScreen.storyboard; sourceTree = "<group>"; };
		61B46AD82AB0AEEF001D72EB /* Info.plist */ = {isa = PBXFileReference; lastKnownFileType = text.plist.xml; path = Info.plist; sourceTree = "<group>"; };
		61B46ADE2AB0AFE1001D72EB /* Movie.swift */ = {isa = PBXFileReference; lastKnownFileType = sourcecode.swift; path = Movie.swift; sourceTree = "<group>"; };
		61B46AE72AB0C5E2001D72EB /* MovieCell.swift */ = {isa = PBXFileReference; lastKnownFileType = sourcecode.swift; path = MovieCell.swift; sourceTree = "<group>"; };
/* End PBXFileReference section */

/* Begin PBXFrameworksBuildPhase section */
		61B46AC42AB0AEED001D72EB /* Frameworks */ = {
			isa = PBXFrameworksBuildPhase;
			buildActionMask = 2147483647;
			files = (
				61B46AE52AB0C00E001D72EB /* Nuke in Frameworks */,
			);
			runOnlyForDeploymentPostprocessing = 0;
		};
/* End PBXFrameworksBuildPhase section */

/* Begin PBXGroup section */
		61B46ABE2AB0AEED001D72EB = {
			isa = PBXGroup;
			children = (
				61B46AC92AB0AEED001D72EB /* HW2 */,
				61B46AC82AB0AEED001D72EB /* Products */,
			);
			sourceTree = "<group>";
		};
		61B46AC82AB0AEED001D72EB /* Products */ = {
			isa = PBXGroup;
			children = (
				61B46AC72AB0AEED001D72EB /* HW2.app */,
			);
			name = Products;
			sourceTree = "<group>";
		};
		61B46AC92AB0AEED001D72EB /* HW2 */ = {
			isa = PBXGroup;
			children = (
				61B46AE02AB0B155001D72EB /* Models */,
				61B46ACA2AB0AEED001D72EB /* AppDelegate.swift */,
				61B46ACC2AB0AEED001D72EB /* SceneDelegate.swift */,
				61B46ACE2AB0AEED001D72EB /* MoviesViewController.swift */,
				61B46AE72AB0C5E2001D72EB /* MovieCell.swift */,
				61B46AD02AB0AEED001D72EB /* Main.storyboard */,
				61B46AD32AB0AEEF001D72EB /* Assets.xcassets */,
				61B46AD52AB0AEEF001D72EB /* LaunchScreen.storyboard */,
				61B46AD82AB0AEEF001D72EB /* Info.plist */,
			);
			path = HW2;
			sourceTree = "<group>";
		};
		61B46AE02AB0B155001D72EB /* Models */ = {
			isa = PBXGroup;
			children = (
				61B46ADE2AB0AFE1001D72EB /* Movie.swift */,
			);
			path = Models;
			sourceTree = "<group>";
		};
/* End PBXGroup section */

/* Begin PBXNativeTarget section */
		61B46AC62AB0AEED001D72EB /* HW2 */ = {
			isa = PBXNativeTarget;
			buildConfigurationList = 61B46ADB2AB0AEEF001D72EB /* Build configuration list for PBXNativeTarget "HW2" */;
			buildPhases = (
				61B46AC32AB0AEED001D72EB /* Sources */,
				61B46AC42AB0AEED001D72EB /* Frameworks */,
				61B46AC52AB0AEED001D72EB /* Resources */,
			);
			buildRules = (
			);
			dependencies = (
			);
			name = HW2;
			packageProductDependencies = (
				61B46AE42AB0C00E001D72EB /* Nuke */,
			);
			productName = HW2;
			productReference = 61B46AC72AB0AEED001D72EB /* HW2.app */;
			productType = "com.apple.product-type.application";
		};
/* End PBXNativeTarget section */

/* Begin PBXProject section */
		61B46ABF2AB0AEED001D72EB /* Project object */ = {
			isa = PBXProject;
			attributes = {
				BuildIndependentTargetsInParallel = 1;
				LastSwiftUpdateCheck = 1430;
				LastUpgradeCheck = 1430;
				TargetAttributes = {
					61B46AC62AB0AEED001D72EB = {
						CreatedOnToolsVersion = 14.3.1;
					};
				};
			};
			buildConfigurationList = 61B46AC22AB0AEED001D72EB /* Build configuration list for PBXProject "HW2" */;
			compatibilityVersion = "Xcode 14.0";
			developmentRegion = en;
			hasScannedForEncodings = 0;
			knownRegions = (
				en,
				Base,
			);
			mainGroup = 61B46ABE2AB0AEED001D72EB;
			packageReferences = (
				61B46AE32AB0C00E001D72EB /* XCRemoteSwiftPackageReference "Nuke" */,
			);
			productRefGroup = 61B46AC82AB0AEED001D72EB /* Products */;
			projectDirPath = "";
			projectRoot = "";
			targets = (
				61B46AC62AB0AEED001D72EB /* HW2 */,
			);
		};
/* End PBXProject section */

/* Begin PBXResourcesBuildPhase section */
		61B46AC52AB0AEED001D72EB /* Resources */ = {
			isa = PBXResourcesBuildPhase;
			buildActionMask = 2147483647;
			files = (
				61B46AD72AB0AEEF001D72EB /* LaunchScreen.storyboard in Resources */,
				61B46AD42AB0AEEF001D72EB /* Assets.xcassets in Resources */,
				61B46AD22AB0AEED001D72EB /* Main.storyboard in Resources */,
			);
			runOnlyForDeploymentPostprocessing = 0;
		};
/* End PBXResourcesBuildPhase section */

/* Begin PBXSourcesBuildPhase section */
		61B46AC32AB0AEED001D72EB /* Sources */ = {
			isa = PBXSourcesBuildPhase;
			buildActionMask = 2147483647;
			files = (
				61B46ACF2AB0AEED001D72EB /* MoviesViewController.swift in Sources */,
				61B46ACB2AB0AEED001D72EB /* AppDelegate.swift in Sources */,
				61B46ADF2AB0AFE1001D72EB /* Movie.swift in Sources */,
				61B46AE82AB0C5E2001D72EB /* MovieCell.swift in Sources */,
				61B46ACD2AB0AEED001D72EB /* SceneDelegate.swift in Sources */,
			);
			runOnlyForDeploymentPostprocessing = 0;
		};
/* End PBXSourcesBuildPhase section */

/* Begin PBXVariantGroup section */
		61B46AD02AB0AEED001D72EB /* Main.storyboard */ = {
			isa = PBXVariantGroup;
			children = (
				61B46AD12AB0AEED001D72EB /* Base */,
			);
			name = Main.storyboard;
			sourceTree = "<group>";
		};
		61B46AD52AB0AEEF001D72EB /* LaunchScreen.storyboard */ = {
			isa = PBXVariantGroup;
			children = (
				61B46AD62AB0AEEF001D72EB /* Base */,
			);
			name = LaunchScreen.storyboard;
			sourceTree = "<group>";
		};
/* End PBXVariantGroup section */

/* Begin XCBuildConfiguration section */
		61B46AD92AB0AEEF001D72EB /* Debug */ = {
			isa = XCBuildConfiguration;
			buildSettings = {
				ALWAYS_SEARCH_USER_PATHS = NO;
				CLANG_ANALYZER_NONNULL = YES;
				CLANG_ANALYZER_NUMBER_OBJECT_CONVERSION = YES_AGGRESSIVE;
				CLANG_CXX_LANGUAGE_STANDARD = "gnu++20";
				CLANG_ENABLE_MODULES = YES;
				CLANG_ENABLE_OBJC_ARC = YES;
				CLANG_ENABLE_OBJC_WEAK = YES;
				CLANG_WARN_BLOCK_CAPTURE_AUTORELEASING = YES;
				CLANG_WARN_BOOL_CONVERSION = YES;
				CLANG_WARN_COMMA = YES;
				CLANG_WARN_CONSTANT_CONVERSION = YES;
				CLANG_WARN_DEPRECATED_OBJC_IMPLEMENTATIONS = YES;
				CLANG_WARN_DIRECT_OBJC_ISA_USAGE = YES_ERROR;
				CLANG_WARN_DOCUMENTATION_COMMENTS = YES;
				CLANG_WARN_EMPTY_BODY = YES;
				CLANG_WARN_ENUM_CONVERSION = YES;
				CLANG_WARN_INFINITE_RECURSION = YES;
				CLANG_WARN_INT_CONVERSION = YES;
				CLANG_WARN_NON_LITERAL_NULL_CONVERSION = YES;
				CLANG_WARN_OBJC_IMPLICIT_RETAIN_SELF = YES;
				CLANG_WARN_OBJC_LITERAL_CONVERSION = YES;
				CLANG_WARN_OBJC_ROOT_CLASS = YES_ERROR;
				CLANG_WARN_QUOTED_INCLUDE_IN_FRAMEWORK_HEADER = YES;
				CLANG_WARN_RANGE_LOOP_ANALYSIS = YES;
				CLANG_WARN_STRICT_PROTOTYPES = YES;
				CLANG_WARN_SUSPICIOUS_MOVE = YES;
				CLANG_WARN_UNGUARDED_AVAILABILITY = YES_AGGRESSIVE;
				CLANG_WARN_UNREACHABLE_CODE = YES;
				CLANG_WARN__DUPLICATE_METHOD_MATCH = YES;
				COPY_PHASE_STRIP = NO;
				DEBUG_INFORMATION_FORMAT = dwarf;
				ENABLE_STRICT_OBJC_MSGSEND = YES;
				ENABLE_TESTABILITY = YES;
				GCC_C_LANGUAGE_STANDARD = gnu11;
				GCC_DYNAMIC_NO_PIC = NO;
				GCC_NO_COMMON_BLOCKS = YES;
				GCC_OPTIMIZATION_LEVEL = 0;
				GCC_PREPROCESSOR_DEFINITIONS = (
					"DEBUG=1",
					"$(inherited)",
				);
				GCC_WARN_64_TO_32_BIT_CONVERSION = YES;
				GCC_WARN_ABOUT_RETURN_TYPE = YES_ERROR;
				GCC_WARN_UNDECLARED_SELECTOR = YES;
				GCC_WARN_UNINITIALIZED_AUTOS = YES_AGGRESSIVE;
				GCC_WARN_UNUSED_FUNCTION = YES;
				GCC_WARN_UNUSED_VARIABLE = YES;
				IPHONEOS_DEPLOYMENT_TARGET = 16.4;
				MTL_ENABLE_DEBUG_INFO = INCLUDE_SOURCE;
				MTL_FAST_MATH = YES;
				ONLY_ACTIVE_ARCH = YES;
				SDKROOT = iphoneos;
				SWIFT_ACTIVE_COMPILATION_CONDITIONS = DEBUG;
				SWIFT_OPTIMIZATION_LEVEL = "-Onone";
			};
			name = Debug;
		};
		61B46ADA2AB0AEEF001D72EB /* Release */ = {
			isa = XCBuildConfiguration;
			buildSettings = {
				ALWAYS_SEARCH_USER_PATHS = NO;
				CLANG_ANALYZER_NONNULL = YES;
				CLANG_ANALYZER_NUMBER_OBJECT_CONVERSION = YES_AGGRESSIVE;
				CLANG_CXX_LANGUAGE_STANDARD = "gnu++20";
				CLANG_ENABLE_MODULES = YES;
				CLANG_ENABLE_OBJC_ARC = YES;
				CLANG_ENABLE_OBJC_WEAK = YES;
				CLANG_WARN_BLOCK_CAPTURE_AUTORELEASING = YES;
				CLANG_WARN_BOOL_CONVERSION = YES;
				CLANG_WARN_COMMA = YES;
				CLANG_WARN_CONSTANT_CONVERSION = YES;
				CLANG_WARN_DEPRECATED_OBJC_IMPLEMENTATIONS = YES;
				CLANG_WARN_DIRECT_OBJC_ISA_USAGE = YES_ERROR;
				CLANG_WARN_DOCUMENTATION_COMMENTS = YES;
				CLANG_WARN_EMPTY_BODY = YES;
				CLANG_WARN_ENUM_CONVERSION = YES;
				CLANG_WARN_INFINITE_RECURSION = YES;
				CLANG_WARN_INT_CONVERSION = YES;
				CLANG_WARN_NON_LITERAL_NULL_CONVERSION = YES;
				CLANG_WARN_OBJC_IMPLICIT_RETAIN_SELF = YES;
				CLANG_WARN_OBJC_LITERAL_CONVERSION = YES;
				CLANG_WARN_OBJC_ROOT_CLASS = YES_ERROR;
				CLANG_WARN_QUOTED_INCLUDE_IN_FRAMEWORK_HEADER = YES;
				CLANG_WARN_RANGE_LOOP_ANALYSIS = YES;
				CLANG_WARN_STRICT_PROTOTYPES = YES;
				CLANG_WARN_SUSPICIOUS_MOVE = YES;
				CLANG_WARN_UNGUARDED_AVAILABILITY = YES_AGGRESSIVE;
				CLANG_WARN_UNREACHABLE_CODE = YES;
				CLANG_WARN__DUPLICATE_METHOD_MATCH = YES;
				COPY_PHASE_STRIP = NO;
				DEBUG_INFORMATION_FORMAT = "dwarf-with-dsym";
				ENABLE_NS_ASSERTIONS = NO;
				ENABLE_STRICT_OBJC_MSGSEND = YES;
				GCC_C_LANGUAGE_STANDARD = gnu11;
				GCC_NO_COMMON_BLOCKS = YES;
				GCC_WARN_64_TO_32_BIT_CONVERSION = YES;
				GCC_WARN_ABOUT_RETURN_TYPE = YES_ERROR;
				GCC_WARN_UNDECLARED_SELECTOR = YES;
				GCC_WARN_UNINITIALIZED_AUTOS = YES_AGGRESSIVE;
				GCC_WARN_UNUSED_FUNCTION = YES;
				GCC_WARN_UNUSED_VARIABLE = YES;
				IPHONEOS_DEPLOYMENT_TARGET = 16.4;
				MTL_ENABLE_DEBUG_INFO = NO;
				MTL_FAST_MATH = YES;
				SDKROOT = iphoneos;
				SWIFT_COMPILATION_MODE = wholemodule;
				SWIFT_OPTIMIZATION_LEVEL = "-O";
				VALIDATE_PRODUCT = YES;
			};
			name = Release;
		};
		61B46ADC2AB0AEEF001D72EB /* Debug */ = {
			isa = XCBuildConfiguration;
			buildSettings = {
				ASSETCATALOG_COMPILER_APPICON_NAME = AppIcon;
				ASSETCATALOG_COMPILER_GLOBAL_ACCENT_COLOR_NAME = AccentColor;
				CODE_SIGN_STYLE = Automatic;
				CURRENT_PROJECT_VERSION = 1;
				GENERATE_INFOPLIST_FILE = YES;
				INFOPLIST_FILE = HW2/Info.plist;
				INFOPLIST_KEY_UIApplicationSupportsIndirectInputEvents = YES;
				INFOPLIST_KEY_UILaunchStoryboardName = LaunchScreen;
				INFOPLIST_KEY_UIMainStoryboardFile = Main;
				INFOPLIST_KEY_UISupportedInterfaceOrientations_iPad = "UIInterfaceOrientationPortrait UIInterfaceOrientationPortraitUpsideDown UIInterfaceOrientationLandscapeLeft UIInterfaceOrientationLandscapeRight";
				INFOPLIST_KEY_UISupportedInterfaceOrientations_iPhone = "UIInterfaceOrientationPortrait UIInterfaceOrientationLandscapeLeft UIInterfaceOrientationLandscapeRight";
				LD_RUNPATH_SEARCH_PATHS = (
					"$(inherited)",
					"@executable_path/Frameworks",
				);
				MARKETING_VERSION = 1.0;
				PRODUCT_BUNDLE_IDENTIFIER = "Justin-Rivera.HW2";
				PRODUCT_NAME = "$(TARGET_NAME)";
				SWIFT_EMIT_LOC_STRINGS = YES;
				SWIFT_VERSION = 5.0;
				TARGETED_DEVICE_FAMILY = "1,2";
			};
			name = Debug;
		};
		61B46ADD2AB0AEEF001D72EB /* Release */ = {
			isa = XCBuildConfiguration;
			buildSettings = {
				ASSETCATALOG_COMPILER_APPICON_NAME = AppIcon;
				ASSETCATALOG_COMPILER_GLOBAL_ACCENT_COLOR_NAME = AccentColor;
				CODE_SIGN_STYLE = Automatic;
				CURRENT_PROJECT_VERSION = 1;
				GENERATE_INFOPLIST_FILE = YES;
				INFOPLIST_FILE = HW2/Info.plist;
				INFOPLIST_KEY_UIApplicationSupportsIndirectInputEvents = YES;
				INFOPLIST_KEY_UILaunchStoryboardName = LaunchScreen;
				INFOPLIST_KEY_UIMainStoryboardFile = Main;
				INFOPLIST_KEY_UISupportedInterfaceOrientations_iPad = "UIInterfaceOrientationPortrait UIInterfaceOrientationPortraitUpsideDown UIInterfaceOrientationLandscapeLeft UIInterfaceOrientationLandscapeRight";
				INFOPLIST_KEY_UISupportedInterfaceOrientations_iPhone = "UIInterfaceOrientationPortrait UIInterfaceOrientationLandscapeLeft UIInterfaceOrientationLandscapeRight";
				LD_RUNPATH_SEARCH_PATHS = (
					"$(inherited)",
					"@executable_path/Frameworks",
				);
				MARKETING_VERSION = 1.0;
				PRODUCT_BUNDLE_IDENTIFIER = "Justin-Rivera.HW2";
				PRODUCT_NAME = "$(TARGET_NAME)";
				SWIFT_EMIT_LOC_STRINGS = YES;
				SWIFT_VERSION = 5.0;
				TARGETED_DEVICE_FAMILY = "1,2";
			};
			name = Release;
		};
/* End XCBuildConfiguration section */

/* Begin XCConfigurationList section */
		61B46AC22AB0AEED001D72EB /* Build configuration list for PBXProject "HW2" */ = {
			isa = XCConfigurationList;
			buildConfigurations = (
				61B46AD92AB0AEEF001D72EB /* Debug */,
				61B46ADA2AB0AEEF001D72EB /* Release */,
			);
			defaultConfigurationIsVisible = 0;
			defaultConfigurationName = Release;
		};
		61B46ADB2AB0AEEF001D72EB /* Build configuration list for PBXNativeTarget "HW2" */ = {
			isa = XCConfigurationList;
			buildConfigurations = (
				61B46ADC2AB0AEEF001D72EB /* Debug */,
				61B46ADD2AB0AEEF001D72EB /* Release */,
			);
			defaultConfigurationIsVisible = 0;
			defaultConfigurationName = Release;
		};
/* End XCConfigurationList section */

/* Begin XCRemoteSwiftPackageReference section */
		61B46AE32AB0C00E001D72EB /* XCRemoteSwiftPackageReference "Nuke" */ = {
			isa = XCRemoteSwiftPackageReference;
			repositoryURL = "https://github.com/kean/Nuke.git";
			requirement = {
				kind = upToNextMajorVersion;
				minimumVersion = 10.0.0;
			};
		};
/* End XCRemoteSwiftPackageReference section */

/* Begin XCSwiftPackageProductDependency section */
		61B46AE42AB0C00E001D72EB /* Nuke */ = {
			isa = XCSwiftPackageProductDependency;
			package = 61B46AE32AB0C00E001D72EB /* XCRemoteSwiftPackageReference "Nuke" */;
			productName = Nuke;
		};
/* End XCSwiftPackageProductDependency section */
	};
	rootObject = 61B46ABF2AB0AEED001D72EB /* Project object */;
}
